
Microsoft Visual Studio Solution File, Format Version 12.00
# Visual Studio Version 17
VisualStudioVersion = 17.0.32112.339
MinimumVisualStudioVersion = 10.0.40219.1
Project("{888888A0-9F3D-457C-B088-3A5042F75D52}") = "Pygame test", "Pygame test.pyproj", "{AB554626-A54A-4BEB-8322-F2086F8727A5}"
EndProject
Global
	GlobalSection(SolutionConfigurationPlatforms) = preSolution
		Debug|Any CPU = Debug|Any CPU
		Release|Any CPU = Release|Any CPU
	EndGlobalSection
	GlobalSection(ProjectConfigurationPlatforms) = postSolution
		{AB554626-A54A-4BEB-8322-F2086F8727A5}.Debug|Any CPU.ActiveCfg = Debug|Any CPU
		{AB554626-A54A-4BEB-8322-F2086F8727A5}.Release|Any CPU.ActiveCfg = Release|Any CPU
	EndGlobalSection
	GlobalSection(SolutionProperties) = preSolution
		HideSolutionNode = FALSE
	EndGlobalSection
	GlobalSection(ExtensibilityGlobals) = postSolution
		SolutionGuid = {DF17C16C-E46B-41A0-B2E7-A14BD5E03EB9}
	EndGlobalSection
EndGlobal
