
Microsoft Visual Studio Solution File, Format Version 12.00
# Visual Studio Version 17
VisualStudioVersion = 17.0.32112.339
MinimumVisualStudioVersion = 10.0.40219.1
Project("{888888A0-9F3D-457C-B088-3A5042F75D52}") = "class something idk", "class something idk.pyproj", "{C2C5F99F-DDF0-4EF7-AEE6-FD915EDE6435}"
EndProject
Global
	GlobalSection(SolutionConfigurationPlatforms) = preSolution
		Debug|Any CPU = Debug|Any CPU
		Release|Any CPU = Release|Any CPU
	EndGlobalSection
	GlobalSection(ProjectConfigurationPlatforms) = postSolution
		{C2C5F99F-DDF0-4EF7-AEE6-FD915EDE6435}.Debug|Any CPU.ActiveCfg = Debug|Any CPU
		{C2C5F99F-DDF0-4EF7-AEE6-FD915EDE6435}.Release|Any CPU.ActiveCfg = Release|Any CPU
	EndGlobalSection
	GlobalSection(SolutionProperties) = preSolution
		HideSolutionNode = FALSE
	EndGlobalSection
	GlobalSection(ExtensibilityGlobals) = postSolution
		SolutionGuid = {3F2882E9-C881-4F9C-969A-3D0B9397C1B1}
	EndGlobalSection
EndGlobal
